
Microsoft Visual Studio Solution File, Format Version 12.00
# Visual Studio 15
VisualStudioVersion = 15.0.28010.2048
MinimumVisualStudioVersion = 10.0.40219.1
Project("{9A19103F-16F7-4668-BE54-9A1E7A4F7556}") = "eKantor", "eKantor\eKantor.csproj", "{65E2579F-7DB0-49D9-A2DE-32B4A3FA5458}"
EndProject
Project("{9A19103F-16F7-4668-BE54-9A1E7A4F7556}") = "eKantor.Tests", "eKantor.Tests\eKantor.Tests.csproj", "{6C91EAEC-AEDF-49FC-8714-747F32D43E56}"
EndProject
Project("{FAE04EC0-301F-11D3-BF4B-00C04F79EFBC}") = "ekantor.Domain", "ekantor.Domain\ekantor.Domain.csproj", "{158CC2BF-7F13-45C1-835F-3B625D8B90FD}"
EndProject
Global
	GlobalSection(SolutionConfigurationPlatforms) = preSolution
		Debug|Any CPU = Debug|Any CPU
		Release|Any CPU = Release|Any CPU
	EndGlobalSection
	GlobalSection(ProjectConfigurationPlatforms) = postSolution
		{65E2579F-7DB0-49D9-A2DE-32B4A3FA5458}.Debug|Any CPU.ActiveCfg = Debug|Any CPU
		{65E2579F-7DB0-49D9-A2DE-32B4A3FA5458}.Debug|Any CPU.Build.0 = Debug|Any CPU
		{65E2579F-7DB0-49D9-A2DE-32B4A3FA5458}.Release|Any CPU.ActiveCfg = Release|Any CPU
		{65E2579F-7DB0-49D9-A2DE-32B4A3FA5458}.Release|Any CPU.Build.0 = Release|Any CPU
		{6C91EAEC-AEDF-49FC-8714-747F32D43E56}.Debug|Any CPU.ActiveCfg = Debug|Any CPU
		{6C91EAEC-AEDF-49FC-8714-747F32D43E56}.Debug|Any CPU.Build.0 = Debug|Any CPU
		{6C91EAEC-AEDF-49FC-8714-747F32D43E56}.Release|Any CPU.ActiveCfg = Release|Any CPU
		{6C91EAEC-AEDF-49FC-8714-747F32D43E56}.Release|Any CPU.Build.0 = Release|Any CPU
		{158CC2BF-7F13-45C1-835F-3B625D8B90FD}.Debug|Any CPU.ActiveCfg = Debug|Any CPU
		{158CC2BF-7F13-45C1-835F-3B625D8B90FD}.Debug|Any CPU.Build.0 = Debug|Any CPU
		{158CC2BF-7F13-45C1-835F-3B625D8B90FD}.Release|Any CPU.ActiveCfg = Release|Any CPU
		{158CC2BF-7F13-45C1-835F-3B625D8B90FD}.Release|Any CPU.Build.0 = Release|Any CPU
	EndGlobalSection
	GlobalSection(SolutionProperties) = preSolution
		HideSolutionNode = FALSE
	EndGlobalSection
	GlobalSection(ExtensibilityGlobals) = postSolution
		SolutionGuid = {448EBD4E-3ACB-4DBA-A85C-31777085DDF7}
	EndGlobalSection
EndGlobal
